
Microsoft Visual Studio Solution File, Format Version 12.00
# Visual Studio Version 17
Project("{2150E333-8FDC-42A3-9474-1A3956D46DE8}") = "Services", "Services", "{5854FF58-B8C5-05C6-5BF2-ACE42193F22B}"
EndProject
Project("{2150E333-8FDC-42A3-9474-1A3956D46DE8}") = "Office", "Office", "{AEB694D6-E504-C3C1-90C1-7611A3C78F54}"
EndProject
Project("{2150E333-8FDC-42A3-9474-1A3956D46DE8}") = "Profiles", "Profiles", "{B2C1E8A4-3F5D-4A6B-9C7E-1D2F3A4B5C6D}"
EndProject
Project("{FAE04EC0-301F-11D3-BF4B-00C04F79EFBC}") = "OfficeApi", "Services\Office\OfficeApi\OfficeApi.csproj", "{C3052AFF-8FB0-456A-B2A5-CF60EBF8E51D}"
EndProject
Project("{FAE04EC0-301F-11D3-BF4B-00C04F79EFBC}") = "OfficeApi.Application", "Services\Office\OfficeApi.Application\OfficeApi.Application.csproj", "{970F5A58-4632-4D51-B703-1B36945C3D8D}"
EndProject
Project("{FAE04EC0-301F-11D3-BF4B-00C04F79EFBC}") = "OfficeApi.Domain", "Services\Office\OfficeApi.Domain\OfficeApi.Domain.csproj", "{F4976100-4615-436C-B764-7FFE029A2674}"
EndProject
Project("{FAE04EC0-301F-11D3-BF4B-00C04F79EFBC}") = "ProfilesApi", "Services\Profiles\ProfilesApi\ProfilesApi.csproj", "{C07408A8-23E3-4CA2-AC8C-8781A201DD39}"
EndProject
Global
	GlobalSection(SolutionConfigurationPlatforms) = preSolution
		Debug|Any CPU = Debug|Any CPU
		Release|Any CPU = Release|Any CPU
	EndGlobalSection
	GlobalSection(ProjectConfigurationPlatforms) = postSolution
		{C3052AFF-8FB0-456A-B2A5-CF60EBF8E51D}.Debug|Any CPU.ActiveCfg = Debug|Any CPU
		{C3052AFF-8FB0-456A-B2A5-CF60EBF8E51D}.Debug|Any CPU.Build.0 = Debug|Any CPU
		{C3052AFF-8FB0-456A-B2A5-CF60EBF8E51D}.Release|Any CPU.ActiveCfg = Release|Any CPU
		{C3052AFF-8FB0-456A-B2A5-CF60EBF8E51D}.Release|Any CPU.Build.0 = Release|Any CPU
		{970F5A58-4632-4D51-B703-1B36945C3D8D}.Debug|Any CPU.ActiveCfg = Debug|Any CPU
		{970F5A58-4632-4D51-B703-1B36945C3D8D}.Debug|Any CPU.Build.0 = Debug|Any CPU
		{970F5A58-4632-4D51-B703-1B36945C3D8D}.Release|Any CPU.ActiveCfg = Release|Any CPU
		{970F5A58-4632-4D51-B703-1B36945C3D8D}.Release|Any CPU.Build.0 = Release|Any CPU
		{F4976100-4615-436C-B764-7FFE029A2674}.Debug|Any CPU.ActiveCfg = Debug|Any CPU
		{F4976100-4615-436C-B764-7FFE029A2674}.Debug|Any CPU.Build.0 = Debug|Any CPU
		{F4976100-4615-436C-B764-7FFE029A2674}.Release|Any CPU.ActiveCfg = Release|Any CPU
		{F4976100-4615-436C-B764-7FFE029A2674}.Release|Any CPU.Build.0 = Release|Any CPU
		{C07408A8-23E3-4CA2-AC8C-8781A201DD39}.Debug|Any CPU.ActiveCfg = Debug|Any CPU
		{C07408A8-23E3-4CA2-AC8C-8781A201DD39}.Debug|Any CPU.Build.0 = Debug|Any CPU
		{C07408A8-23E3-4CA2-AC8C-8781A201DD39}.Release|Any CPU.ActiveCfg = Release|Any CPU
		{C07408A8-23E3-4CA2-AC8C-8781A201DD39}.Release|Any CPU.Build.0 = Release|Any CPU
	EndGlobalSection
	GlobalSection(SolutionProperties) = preSolution
		HideSolutionNode = FALSE
	EndGlobalSection
	GlobalSection(NestedProjects) = preSolution
		{AEB694D6-E504-C3C1-90C1-7611A3C78F54} = {5854FF58-B8C5-05C6-5BF2-ACE42193F22B}
		{B2C1E8A4-3F5D-4A6B-9C7E-1D2F3A4B5C6D} = {5854FF58-B8C5-05C6-5BF2-ACE42193F22B}
		{C3052AFF-8FB0-456A-B2A5-CF60EBF8E51D} = {AEB694D6-E504-C3C1-90C1-7611A3C78F54}
		{970F5A58-4632-4D51-B703-1B36945C3D8D} = {AEB694D6-E504-C3C1-90C1-7611A3C78F54}
		{F4976100-4615-436C-B764-7FFE029A2674} = {AEB694D6-E504-C3C1-90C1-7611A3C78F54}
		{C07408A8-23E3-4CA2-AC8C-8781A201DD39} = {B2C1E8A4-3F5D-4A6B-9C7E-1D2F3A4B5C6D}
	EndGlobalSection
EndGlobal
